
Microsoft Visual Studio Solution File, Format Version 12.00
# Visual Studio 15
VisualStudioVersion = 15.0.28010.2026
MinimumVisualStudioVersion = 10.0.40219.1
Project("{FAE04EC0-301F-11D3-BF4B-00C04F79EFBC}") = "RIK", "RIK\RIK.csproj", "{C970520D-9DE7-4207-8D43-71A525573943}"
EndProject
Project("{FAE04EC0-301F-11D3-BF4B-00C04F79EFBC}") = "DataLibrary", "DataLibrary\DataLibrary.csproj", "{33FC7329-8DF7-4657-87D9-93AF439DF31F}"
EndProject
Project("{00D1A9C2-B5F0-4AF3-8072-F6C62B433612}") = "MVCEventDb", "MVCEventDb\MVCEventDb.sqlproj", "{865EBB97-48A5-4C83-8E5B-AE3BE0D6FDCD}"
EndProject
Global
	GlobalSection(SolutionConfigurationPlatforms) = preSolution
		Debug|Any CPU = Debug|Any CPU
		Release|Any CPU = Release|Any CPU
	EndGlobalSection
	GlobalSection(ProjectConfigurationPlatforms) = postSolution
		{C970520D-9DE7-4207-8D43-71A525573943}.Debug|Any CPU.ActiveCfg = Debug|Any CPU
		{C970520D-9DE7-4207-8D43-71A525573943}.Debug|Any CPU.Build.0 = Debug|Any CPU
		{C970520D-9DE7-4207-8D43-71A525573943}.Release|Any CPU.ActiveCfg = Release|Any CPU
		{C970520D-9DE7-4207-8D43-71A525573943}.Release|Any CPU.Build.0 = Release|Any CPU
		{33FC7329-8DF7-4657-87D9-93AF439DF31F}.Debug|Any CPU.ActiveCfg = Debug|Any CPU
		{33FC7329-8DF7-4657-87D9-93AF439DF31F}.Debug|Any CPU.Build.0 = Debug|Any CPU
		{33FC7329-8DF7-4657-87D9-93AF439DF31F}.Release|Any CPU.ActiveCfg = Release|Any CPU
		{33FC7329-8DF7-4657-87D9-93AF439DF31F}.Release|Any CPU.Build.0 = Release|Any CPU
		{865EBB97-48A5-4C83-8E5B-AE3BE0D6FDCD}.Debug|Any CPU.ActiveCfg = Debug|Any CPU
		{865EBB97-48A5-4C83-8E5B-AE3BE0D6FDCD}.Debug|Any CPU.Build.0 = Debug|Any CPU
		{865EBB97-48A5-4C83-8E5B-AE3BE0D6FDCD}.Debug|Any CPU.Deploy.0 = Debug|Any CPU
		{865EBB97-48A5-4C83-8E5B-AE3BE0D6FDCD}.Release|Any CPU.ActiveCfg = Release|Any CPU
		{865EBB97-48A5-4C83-8E5B-AE3BE0D6FDCD}.Release|Any CPU.Build.0 = Release|Any CPU
		{865EBB97-48A5-4C83-8E5B-AE3BE0D6FDCD}.Release|Any CPU.Deploy.0 = Release|Any CPU
	EndGlobalSection
	GlobalSection(SolutionProperties) = preSolution
		HideSolutionNode = FALSE
	EndGlobalSection
	GlobalSection(ExtensibilityGlobals) = postSolution
		SolutionGuid = {B5F9A0C9-76F7-45E0-B5A0-5856F8904A67}
	EndGlobalSection
EndGlobal
